// !$*UTF8*$!
{
	archiveVersion = 1;
	classes = {
	};
	objectVersion = 50;
	objects = {

/* Begin PBXBuildFile section */
		70A569BF277F77A5002430C4 /* AppDelegate.swift in Sources */ = {isa = PBXBuildFile; fileRef = 70A569BE277F77A5002430C4 /* AppDelegate.swift */; };
		70A569C1277F77A5002430C4 /* SceneDelegate.swift in Sources */ = {isa = PBXBuildFile; fileRef = 70A569C0277F77A5002430C4 /* SceneDelegate.swift */; };
		70A569C3277F77A5002430C4 /* ViewController.swift in Sources */ = {isa = PBXBuildFile; fileRef = 70A569C2277F77A5002430C4 /* ViewController.swift */; };
		70A569C6277F77A5002430C4 /* Main.storyboard in Resources */ = {isa = PBXBuildFile; fileRef = 70A569C4277F77A5002430C4 /* Main.storyboard */; };
		70A569C8277F77AB002430C4 /* Assets.xcassets in Resources */ = {isa = PBXBuildFile; fileRef = 70A569C7277F77AB002430C4 /* Assets.xcassets */; };
		70A569CB277F77AB002430C4 /* LaunchScreen.storyboard in Resources */ = {isa = PBXBuildFile; fileRef = 70A569C9277F77AB002430C4 /* LaunchScreen.storyboard */; };
		70A569D6277F77AB002430C4 /* PreworkTests.swift in Sources */ = {isa = PBXBuildFile; fileRef = 70A569D5277F77AB002430C4 /* PreworkTests.swift */; };
		70A569E1277F77AB002430C4 /* PreworkUITests.swift in Sources */ = {isa = PBXBuildFile; fileRef = 70A569E0277F77AB002430C4 /* PreworkUITests.swift */; };
/* End PBXBuildFile section */

/* Begin PBXContainerItemProxy section */
		70A569D2277F77AB002430C4 /* PBXContainerItemProxy */ = {
			isa = PBXContainerItemProxy;
			containerPortal = 70A569B3277F77A5002430C4 /* Project object */;
			proxyType = 1;
			remoteGlobalIDString = 70A569BA277F77A5002430C4;
			remoteInfo = Prework;
		};
		70A569DD277F77AB002430C4 /* PBXContainerItemProxy */ = {
			isa = PBXContainerItemProxy;
			containerPortal = 70A569B3277F77A5002430C4 /* Project object */;
			proxyType = 1;
			remoteGlobalIDString = 70A569BA277F77A5002430C4;
			remoteInfo = Prework;
		};
/* End PBXContainerItemProxy section */

/* Begin PBXFileReference section */
		70A569BB277F77A5002430C4 /* Prework.app */ = {isa = PBXFileReference; explicitFileType = wrapper.application; includeInIndex = 0; path = Prework.app; sourceTree = BUILT_PRODUCTS_DIR; };
		70A569BE277F77A5002430C4 /* AppDelegate.swift */ = {isa = PBXFileReference; lastKnownFileType = sourcecode.swift; path = AppDelegate.swift; sourceTree = "<group>"; };
		70A569C0277F77A5002430C4 /* SceneDelegate.swift */ = {isa = PBXFileReference; lastKnownFileType = sourcecode.swift; path = SceneDelegate.swift; sourceTree = "<group>"; };
		70A569C2277F77A5002430C4 /* ViewController.swift */ = {isa = PBXFileReference; lastKnownFileType = sourcecode.swift; path = ViewController.swift; sourceTree = "<group>"; };
		70A569C5277F77A5002430C4 /* Base */ = {isa = PBXFileReference; lastKnownFileType = file.storyboard; name = Base; path = Base.lproj/Main.storyboard; sourceTree = "<group>"; };
		70A569C7277F77AB002430C4 /* Assets.xcassets */ = {isa = PBXFileReference; lastKnownFileType = folder.assetcatalog; path = Assets.xcassets; sourceTree = "<group>"; };
		70A569CA277F77AB002430C4 /* Base */ = {isa = PBXFileReference; lastKnownFileType = file.storyboard; name = Base; path = Base.lproj/LaunchScreen.storyboard; sourceTree = "<group>"; };
		70A569CC277F77AB002430C4 /* Info.plist */ = {isa = PBXFileReference; lastKnownFileType = text.plist.xml; path = Info.plist; sourceTree = "<group>"; };
		70A569D1277F77AB002430C4 /* PreworkTests.xctest */ = {isa = PBXFileReference; explicitFileType = wrapper.cfbundle; includeInIndex = 0; path = PreworkTests.xctest; sourceTree = BUILT_PRODUCTS_DIR; };
		70A569D5277F77AB002430C4 /* PreworkTests.swift */ = {isa = PBXFileReference; lastKnownFileType = sourcecode.swift; path = PreworkTests.swift; sourceTree = "<group>"; };
		70A569D7277F77AB002430C4 /* Info.plist */ = {isa = PBXFileReference; lastKnownFileType = text.plist.xml; path = Info.plist; sourceTree = "<group>"; };
		70A569DC277F77AB002430C4 /* PreworkUITests.xctest */ = {isa = PBXFileReference; explicitFileType = wrapper.cfbundle; includeInIndex = 0; path = PreworkUITests.xctest; sourceTree = BUILT_PRODUCTS_DIR; };
		70A569E0277F77AB002430C4 /* PreworkUITests.swift */ = {isa = PBXFileReference; lastKnownFileType = sourcecode.swift; path = PreworkUITests.swift; sourceTree = "<group>"; };
		70A569E2277F77AB002430C4 /* Info.plist */ = {isa = PBXFileReference; lastKnownFileType = text.plist.xml; path = Info.plist; sourceTree = "<group>"; };
/* End PBXFileReference section */

/* Begin PBXFrameworksBuildPhase section */
		70A569B8277F77A5002430C4 /* Frameworks */ = {
			isa = PBXFrameworksBuildPhase;
			buildActionMask = 2147483647;
			files = (
			);
			runOnlyForDeploymentPostprocessing = 0;
		};
		70A569CE277F77AB002430C4 /* Frameworks */ = {
			isa = PBXFrameworksBuildPhase;
			buildActionMask = 2147483647;
			files = (
			);
			runOnlyForDeploymentPostprocessing = 0;
		};
		70A569D9277F77AB002430C4 /* Frameworks */ = {
			isa = PBXFrameworksBuildPhase;
			buildActionMask = 2147483647;
			files = (
			);
			runOnlyForDeploymentPostprocessing = 0;
		};
/* End PBXFrameworksBuildPhase section */

/* Begin PBXGroup section */
		70A569B2277F77A5002430C4 = {
			isa = PBXGroup;
			children = (
				70A569BD277F77A5002430C4 /* Prework */,
				70A569D4277F77AB002430C4 /* PreworkTests */,
				70A569DF277F77AB002430C4 /* PreworkUITests */,
				70A569BC277F77A5002430C4 /* Products */,
			);
			sourceTree = "<group>";
		};
		70A569BC277F77A5002430C4 /* Products */ = {
			isa = PBXGroup;
			children = (
				70A569BB277F77A5002430C4 /* Prework.app */,
				70A569D1277F77AB002430C4 /* PreworkTests.xctest */,
				70A569DC277F77AB002430C4 /* PreworkUITests.xctest */,
			);
			name = Products;
			sourceTree = "<group>";
		};
		70A569BD277F77A5002430C4 /* Prework */ = {
			isa = PBXGroup;
			children = (
				70A569BE277F77A5002430C4 /* AppDelegate.swift */,
				70A569C0277F77A5002430C4 /* SceneDelegate.swift */,
				70A569C2277F77A5002430C4 /* ViewController.swift */,
				70A569C4277F77A5002430C4 /* Main.storyboard */,
				70A569C7277F77AB002430C4 /* Assets.xcassets */,
				70A569C9277F77AB002430C4 /* LaunchScreen.storyboard */,
				70A569CC277F77AB002430C4 /* Info.plist */,
			);
			path = Prework;
			sourceTree = "<group>";
		};
		70A569D4277F77AB002430C4 /* PreworkTests */ = {
			isa = PBXGroup;
			children = (
				70A569D5277F77AB002430C4 /* PreworkTests.swift */,
				70A569D7277F77AB002430C4 /* Info.plist */,
			);
			path = PreworkTests;
			sourceTree = "<group>";
		};
		70A569DF277F77AB002430C4 /* PreworkUITests */ = {
			isa = PBXGroup;
			children = (
				70A569E0277F77AB002430C4 /* PreworkUITests.swift */,
				70A569E2277F77AB002430C4 /* Info.plist */,
			);
			path = PreworkUITests;
			sourceTree = "<group>";
		};
/* End PBXGroup section */

/* Begin PBXNativeTarget section */
		70A569BA277F77A5002430C4 /* Prework */ = {
			isa = PBXNativeTarget;
			buildConfigurationList = 70A569E5277F77AB002430C4 /* Build configuration list for PBXNativeTarget "Prework" */;
			buildPhases = (
				70A569B7277F77A5002430C4 /* Sources */,
				70A569B8277F77A5002430C4 /* Frameworks */,
				70A569B9277F77A5002430C4 /* Resources */,
			);
			buildRules = (
			);
			dependencies = (
			);
			name = Prework;
			productName = Prework;
			productReference = 70A569BB277F77A5002430C4 /* Prework.app */;
			productType = "com.apple.product-type.application";
		};
		70A569D0277F77AB002430C4 /* PreworkTests */ = {
			isa = PBXNativeTarget;
			buildConfigurationList = 70A569E8277F77AB002430C4 /* Build configuration list for PBXNativeTarget "PreworkTests" */;
			buildPhases = (
				70A569CD277F77AB002430C4 /* Sources */,
				70A569CE277F77AB002430C4 /* Frameworks */,
				70A569CF277F77AB002430C4 /* Resources */,
			);
			buildRules = (
			);
			dependencies = (
				70A569D3277F77AB002430C4 /* PBXTargetDependency */,
			);
			name = PreworkTests;
			productName = PreworkTests;
			productReference = 70A569D1277F77AB002430C4 /* PreworkTests.xctest */;
			productType = "com.apple.product-type.bundle.unit-test";
		};
		70A569DB277F77AB002430C4 /* PreworkUITests */ = {
			isa = PBXNativeTarget;
			buildConfigurationList = 70A569EB277F77AB002430C4 /* Build configuration list for PBXNativeTarget "PreworkUITests" */;
			buildPhases = (
				70A569D8277F77AB002430C4 /* Sources */,
				70A569D9277F77AB002430C4 /* Frameworks */,
				70A569DA277F77AB002430C4 /* Resources */,
			);
			buildRules = (
			);
			dependencies = (
				70A569DE277F77AB002430C4 /* PBXTargetDependency */,
			);
			name = PreworkUITests;
			productName = PreworkUITests;
			productReference = 70A569DC277F77AB002430C4 /* PreworkUITests.xctest */;
			productType = "com.apple.product-type.bundle.ui-testing";
		};
/* End PBXNativeTarget section */

/* Begin PBXProject section */
		70A569B3277F77A5002430C4 /* Project object */ = {
			isa = PBXProject;
			attributes = {
				LastSwiftUpdateCheck = 1250;
				LastUpgradeCheck = 1250;
				TargetAttributes = {
					70A569BA277F77A5002430C4 = {
						CreatedOnToolsVersion = 12.5.1;
					};
					70A569D0277F77AB002430C4 = {
						CreatedOnToolsVersion = 12.5.1;
						TestTargetID = 70A569BA277F77A5002430C4;
					};
					70A569DB277F77AB002430C4 = {
						CreatedOnToolsVersion = 12.5.1;
						TestTargetID = 70A569BA277F77A5002430C4;
					};
				};
			};
			buildConfigurationList = 70A569B6277F77A5002430C4 /* Build configuration list for PBXProject "Prework" */;
			compatibilityVersion = "Xcode 9.3";
			developmentRegion = en;
			hasScannedForEncodings = 0;
			knownRegions = (
				en,
				Base,
			);
			mainGroup = 70A569B2277F77A5002430C4;
			productRefGroup = 70A569BC277F77A5002430C4 /* Products */;
			projectDirPath = "";
			projectRoot = "";
			targets = (
				70A569BA277F77A5002430C4 /* Prework */,
				70A569D0277F77AB002430C4 /* PreworkTests */,
				70A569DB277F77AB002430C4 /* PreworkUITests */,
			);
		};
/* End PBXProject section */

/* Begin PBXResourcesBuildPhase section */
		70A569B9277F77A5002430C4 /* Resources */ = {
			isa = PBXResourcesBuildPhase;
			buildActionMask = 2147483647;
			files = (
				70A569CB277F77AB002430C4 /* LaunchScreen.storyboard in Resources */,
				70A569C8277F77AB002430C4 /* Assets.xcassets in Resources */,
				70A569C6277F77A5002430C4 /* Main.storyboard in Resources */,
			);
			runOnlyForDeploymentPostprocessing = 0;
		};
		70A569CF277F77AB002430C4 /* Resources */ = {
			isa = PBXResourcesBuildPhase;
			buildActionMask = 2147483647;
			files = (
			);
			runOnlyForDeploymentPostprocessing = 0;
		};
		70A569DA277F77AB002430C4 /* Resources */ = {
			isa = PBXResourcesBuildPhase;
			buildActionMask = 2147483647;
			files = (
			);
			runOnlyForDeploymentPostprocessing = 0;
		};
/* End PBXResourcesBuildPhase section */

/* Begin PBXSourcesBuildPhase section */
		70A569B7277F77A5002430C4 /* Sources */ = {
			isa = PBXSourcesBuildPhase;
			buildActionMask = 2147483647;
			files = (
				70A569C3277F77A5002430C4 /* ViewController.swift in Sources */,
				70A569BF277F77A5002430C4 /* AppDelegate.swift in Sources */,
				70A569C1277F77A5002430C4 /* SceneDelegate.swift in Sources */,
			);
			runOnlyForDeploymentPostprocessing = 0;
		};
		70A569CD277F77AB002430C4 /* Sources */ = {
			isa = PBXSourcesBuildPhase;
			buildActionMask = 2147483647;
			files = (
				70A569D6277F77AB002430C4 /* PreworkTests.swift in Sources */,
			);
			runOnlyForDeploymentPostprocessing = 0;
		};
		70A569D8277F77AB002430C4 /* Sources */ = {
			isa = PBXSourcesBuildPhase;
			buildActionMask = 2147483647;
			files = (
				70A569E1277F77AB002430C4 /* PreworkUITests.swift in Sources */,
			);
			runOnlyForDeploymentPostprocessing = 0;
		};
/* End PBXSourcesBuildPhase section */

/* Begin PBXTargetDependency section */
		70A569D3277F77AB002430C4 /* PBXTargetDependency */ = {
			isa = PBXTargetDependency;
			target = 70A569BA277F77A5002430C4 /* Prework */;
			targetProxy = 70A569D2277F77AB002430C4 /* PBXContainerItemProxy */;
		};
		70A569DE277F77AB002430C4 /* PBXTargetDependency */ = {
			isa = PBXTargetDependency;
			target = 70A569BA277F77A5002430C4 /* Prework */;
			targetProxy = 70A569DD277F77AB002430C4 /* PBXContainerItemProxy */;
		};
/* End PBXTargetDependency section */

/* Begin PBXVariantGroup section */
		70A569C4277F77A5002430C4 /* Main.storyboard */ = {
			isa = PBXVariantGroup;
			children = (
				70A569C5277F77A5002430C4 /* Base */,
			);
			name = Main.storyboard;
			sourceTree = "<group>";
		};
		70A569C9277F77AB002430C4 /* LaunchScreen.storyboard */ = {
			isa = PBXVariantGroup;
			children = (
				70A569CA277F77AB002430C4 /* Base */,
			);
			name = LaunchScreen.storyboard;
			sourceTree = "<group>";
		};
/* End PBXVariantGroup section */

/* Begin XCBuildConfiguration section */
		70A569E3277F77AB002430C4 /* Debug */ = {
			isa = XCBuildConfiguration;
			buildSettings = {
				ALWAYS_SEARCH_USER_PATHS = NO;
				CLANG_ANALYZER_NONNULL = YES;
				CLANG_ANALYZER_NUMBER_OBJECT_CONVERSION = YES_AGGRESSIVE;
				CLANG_CXX_LANGUAGE_STANDARD = "gnu++14";
				CLANG_CXX_LIBRARY = "libc++";
				CLANG_ENABLE_MODULES = YES;
				CLANG_ENABLE_OBJC_ARC = YES;
				CLANG_ENABLE_OBJC_WEAK = YES;
				CLANG_WARN_BLOCK_CAPTURE_AUTORELEASING = YES;
				CLANG_WARN_BOOL_CONVERSION = YES;
				CLANG_WARN_COMMA = YES;
				CLANG_WARN_CONSTANT_CONVERSION = YES;
				CLANG_WARN_DEPRECATED_OBJC_IMPLEMENTATIONS = YES;
				CLANG_WARN_DIRECT_OBJC_ISA_USAGE = YES_ERROR;
				CLANG_WARN_DOCUMENTATION_COMMENTS = YES;
				CLANG_WARN_EMPTY_BODY = YES;
				CLANG_WARN_ENUM_CONVERSION = YES;
				CLANG_WARN_INFINITE_RECURSION = YES;
				CLANG_WARN_INT_CONVERSION = YES;
				CLANG_WARN_NON_LITERAL_NULL_CONVERSION = YES;
				CLANG_WARN_OBJC_IMPLICIT_RETAIN_SELF = YES;
				CLANG_WARN_OBJC_LITERAL_CONVERSION = YES;
				CLANG_WARN_OBJC_ROOT_CLASS = YES_ERROR;
				CLANG_WARN_QUOTED_INCLUDE_IN_FRAMEWORK_HEADER = YES;
				CLANG_WARN_RANGE_LOOP_ANALYSIS = YES;
				CLANG_WARN_STRICT_PROTOTYPES = YES;
				CLANG_WARN_SUSPICIOUS_MOVE = YES;
				CLANG_WARN_UNGUARDED_AVAILABILITY = YES_AGGRESSIVE;
				CLANG_WARN_UNREACHABLE_CODE = YES;
				CLANG_WARN__DUPLICATE_METHOD_MATCH = YES;
				COPY_PHASE_STRIP = NO;
				DEBUG_INFORMATION_FORMAT = dwarf;
				ENABLE_STRICT_OBJC_MSGSEND = YES;
				ENABLE_TESTABILITY = YES;
				GCC_C_LANGUAGE_STANDARD = gnu11;
				GCC_DYNAMIC_NO_PIC = NO;
				GCC_NO_COMMON_BLOCKS = YES;
				GCC_OPTIMIZATION_LEVEL = 0;
				GCC_PREPROCESSOR_DEFINITIONS = (
					"DEBUG=1",
					"$(inherited)",
				);
				GCC_WARN_64_TO_32_BIT_CONVERSION = YES;
				GCC_WARN_ABOUT_RETURN_TYPE = YES_ERROR;
				GCC_WARN_UNDECLARED_SELECTOR = YES;
				GCC_WARN_UNINITIALIZED_AUTOS = YES_AGGRESSIVE;
				GCC_WARN_UNUSED_FUNCTION = YES;
				GCC_WARN_UNUSED_VARIABLE = YES;
				IPHONEOS_DEPLOYMENT_TARGET = 14.5;
				MTL_ENABLE_DEBUG_INFO = INCLUDE_SOURCE;
				MTL_FAST_MATH = YES;
				ONLY_ACTIVE_ARCH = YES;
				SDKROOT = iphoneos;
				SWIFT_ACTIVE_COMPILATION_CONDITIONS = DEBUG;
				SWIFT_OPTIMIZATION_LEVEL = "-Onone";
			};
			name = Debug;
		};
		70A569E4277F77AB002430C4 /* Release */ = {
			isa = XCBuildConfiguration;
			buildSettings = {
				ALWAYS_SEARCH_USER_PATHS = NO;
				CLANG_ANALYZER_NONNULL = YES;
				CLANG_ANALYZER_NUMBER_OBJECT_CONVERSION = YES_AGGRESSIVE;
				CLANG_CXX_LANGUAGE_STANDARD = "gnu++14";
				CLANG_CXX_LIBRARY = "libc++";
				CLANG_ENABLE_MODULES = YES;
				CLANG_ENABLE_OBJC_ARC = YES;
				CLANG_ENABLE_OBJC_WEAK = YES;
				CLANG_WARN_BLOCK_CAPTURE_AUTORELEASING = YES;
				CLANG_WARN_BOOL_CONVERSION = YES;
				CLANG_WARN_COMMA = YES;
				CLANG_WARN_CONSTANT_CONVERSION = YES;
				CLANG_WARN_DEPRECATED_OBJC_IMPLEMENTATIONS = YES;
				CLANG_WARN_DIRECT_OBJC_ISA_USAGE = YES_ERROR;
				CLANG_WARN_DOCUMENTATION_COMMENTS = YES;
				CLANG_WARN_EMPTY_BODY = YES;
				CLANG_WARN_ENUM_CONVERSION = YES;
				CLANG_WARN_INFINITE_RECURSION = YES;
				CLANG_WARN_INT_CONVERSION = YES;
				CLANG_WARN_NON_LITERAL_NULL_CONVERSION = YES;
				CLANG_WARN_OBJC_IMPLICIT_RETAIN_SELF = YES;
				CLANG_WARN_OBJC_LITERAL_CONVERSION = YES;
				CLANG_WARN_OBJC_ROOT_CLASS = YES_ERROR;
				CLANG_WARN_QUOTED_INCLUDE_IN_FRAMEWORK_HEADER = YES;
				CLANG_WARN_RANGE_LOOP_ANALYSIS = YES;
				CLANG_WARN_STRICT_PROTOTYPES = YES;
				CLANG_WARN_SUSPICIOUS_MOVE = YES;
				CLANG_WARN_UNGUARDED_AVAILABILITY = YES_AGGRESSIVE;
				CLANG_WARN_UNREACHABLE_CODE = YES;
				CLANG_WARN__DUPLICATE_METHOD_MATCH = YES;
				COPY_PHASE_STRIP = NO;
				DEBUG_INFORMATION_FORMAT = "dwarf-with-dsym";
				ENABLE_NS_ASSERTIONS = NO;
				ENABLE_STRICT_OBJC_MSGSEND = YES;
				GCC_C_LANGUAGE_STANDARD = gnu11;
				GCC_NO_COMMON_BLOCKS = YES;
				GCC_WARN_64_TO_32_BIT_CONVERSION = YES;
				GCC_WARN_ABOUT_RETURN_TYPE = YES_ERROR;
				GCC_WARN_UNDECLARED_SELECTOR = YES;
				GCC_WARN_UNINITIALIZED_AUTOS = YES_AGGRESSIVE;
				GCC_WARN_UNUSED_FUNCTION = YES;
				GCC_WARN_UNUSED_VARIABLE = YES;
				IPHONEOS_DEPLOYMENT_TARGET = 14.5;
				MTL_ENABLE_DEBUG_INFO = NO;
				MTL_FAST_MATH = YES;
				SDKROOT = iphoneos;
				SWIFT_COMPILATION_MODE = wholemodule;
				SWIFT_OPTIMIZATION_LEVEL = "-O";
				VALIDATE_PRODUCT = YES;
			};
			name = Release;
		};
		70A569E6277F77AB002430C4 /* Debug */ = {
			isa = XCBuildConfiguration;
			buildSettings = {
				ASSETCATALOG_COMPILER_APPICON_NAME = AppIcon;
				ASSETCATALOG_COMPILER_GLOBAL_ACCENT_COLOR_NAME = AccentColor;
				CODE_SIGN_STYLE = Automatic;
				INFOPLIST_FILE = Prework/Info.plist;
				LD_RUNPATH_SEARCH_PATHS = (
					"$(inherited)",
					"@executable_path/Frameworks",
				);
				PRODUCT_BUNDLE_IDENTIFIER = memo.com.Prework;
				PRODUCT_NAME = "$(TARGET_NAME)";
				SWIFT_VERSION = 5.0;
				TARGETED_DEVICE_FAMILY = "1,2";
			};
			name = Debug;
		};
		70A569E7277F77AB002430C4 /* Release */ = {
			isa = XCBuildConfiguration;
			buildSettings = {
				ASSETCATALOG_COMPILER_APPICON_NAME = AppIcon;
				ASSETCATALOG_COMPILER_GLOBAL_ACCENT_COLOR_NAME = AccentColor;
				CODE_SIGN_STYLE = Automatic;
				INFOPLIST_FILE = Prework/Info.plist;
				LD_RUNPATH_SEARCH_PATHS = (
					"$(inherited)",
					"@executable_path/Frameworks",
				);
				PRODUCT_BUNDLE_IDENTIFIER = memo.com.Prework;
				PRODUCT_NAME = "$(TARGET_NAME)";
				SWIFT_VERSION = 5.0;
				TARGETED_DEVICE_FAMILY = "1,2";
			};
			name = Release;
		};
		70A569E9277F77AB002430C4 /* Debug */ = {
			isa = XCBuildConfiguration;
			buildSettings = {
				ALWAYS_EMBED_SWIFT_STANDARD_LIBRARIES = YES;
				BUNDLE_LOADER = "$(TEST_HOST)";
				CODE_SIGN_STYLE = Automatic;
				INFOPLIST_FILE = PreworkTests/Info.plist;
				IPHONEOS_DEPLOYMENT_TARGET = 14.5;
				LD_RUNPATH_SEARCH_PATHS = (
					"$(inherited)",
					"@executable_path/Frameworks",
					"@loader_path/Frameworks",
				);
				PRODUCT_BUNDLE_IDENTIFIER = memo.com.PreworkTests;
				PRODUCT_NAME = "$(TARGET_NAME)";
				SWIFT_VERSION = 5.0;
				TARGETED_DEVICE_FAMILY = "1,2";
				TEST_HOST = "$(BUILT_PRODUCTS_DIR)/Prework.app/Prework";
			};
			name = Debug;
		};
		70A569EA277F77AB002430C4 /* Release */ = {
			isa = XCBuildConfiguration;
			buildSettings = {
				ALWAYS_EMBED_SWIFT_STANDARD_LIBRARIES = YES;
				BUNDLE_LOADER = "$(TEST_HOST)";
				CODE_SIGN_STYLE = Automatic;
				INFOPLIST_FILE = PreworkTests/Info.plist;
				IPHONEOS_DEPLOYMENT_TARGET = 14.5;
				LD_RUNPATH_SEARCH_PATHS = (
					"$(inherited)",
					"@executable_path/Frameworks",
					"@loader_path/Frameworks",
				);
				PRODUCT_BUNDLE_IDENTIFIER = memo.com.PreworkTests;
				PRODUCT_NAME = "$(TARGET_NAME)";
				SWIFT_VERSION = 5.0;
				TARGETED_DEVICE_FAMILY = "1,2";
				TEST_HOST = "$(BUILT_PRODUCTS_DIR)/Prework.app/Prework";
			};
			name = Release;
		};
		70A569EC277F77AB002430C4 /* Debug */ = {
			isa = XCBuildConfiguration;
			buildSettings = {
				ALWAYS_EMBED_SWIFT_STANDARD_LIBRARIES = YES;
				CODE_SIGN_STYLE = Automatic;
				INFOPLIST_FILE = PreworkUITests/Info.plist;
				LD_RUNPATH_SEARCH_PATHS = (
					"$(inherited)",
					"@executable_path/Frameworks",
					"@loader_path/Frameworks",
				);
				PRODUCT_BUNDLE_IDENTIFIER = memo.com.PreworkUITests;
				PRODUCT_NAME = "$(TARGET_NAME)";
				SWIFT_VERSION = 5.0;
				TARGETED_DEVICE_FAMILY = "1,2";
				TEST_TARGET_NAME = Prework;
			};
			name = Debug;
		};
		70A569ED277F77AB002430C4 /* Release */ = {
			isa = XCBuildConfiguration;
			buildSettings = {
				ALWAYS_EMBED_SWIFT_STANDARD_LIBRARIES = YES;
				CODE_SIGN_STYLE = Automatic;
				INFOPLIST_FILE = PreworkUITests/Info.plist;
				LD_RUNPATH_SEARCH_PATHS = (
					"$(inherited)",
					"@executable_path/Frameworks",
					"@loader_path/Frameworks",
				);
				PRODUCT_BUNDLE_IDENTIFIER = memo.com.PreworkUITests;
				PRODUCT_NAME = "$(TARGET_NAME)";
				SWIFT_VERSION = 5.0;
				TARGETED_DEVICE_FAMILY = "1,2";
				TEST_TARGET_NAME = Prework;
			};
			name = Release;
		};
/* End XCBuildConfiguration section */

/* Begin XCConfigurationList section */
		70A569B6277F77A5002430C4 /* Build configuration list for PBXProject "Prework" */ = {
			isa = XCConfigurationList;
			buildConfigurations = (
				70A569E3277F77AB002430C4 /* Debug */,
				70A569E4277F77AB002430C4 /* Release */,
			);
			defaultConfigurationIsVisible = 0;
			defaultConfigurationName = Release;
		};
		70A569E5277F77AB002430C4 /* Build configuration list for PBXNativeTarget "Prework" */ = {
			isa = XCConfigurationList;
			buildConfigurations = (
				70A569E6277F77AB002430C4 /* Debug */,
				70A569E7277F77AB002430C4 /* Release */,
			);
			defaultConfigurationIsVisible = 0;
			defaultConfigurationName = Release;
		};
		70A569E8277F77AB002430C4 /* Build configuration list for PBXNativeTarget "PreworkTests" */ = {
			isa = XCConfigurationList;
			buildConfigurations = (
				70A569E9277F77AB002430C4 /* Debug */,
				70A569EA277F77AB002430C4 /* Release */,
			);
			defaultConfigurationIsVisible = 0;
			defaultConfigurationName = Release;
		};
		70A569EB277F77AB002430C4 /* Build configuration list for PBXNativeTarget "PreworkUITests" */ = {
			isa = XCConfigurationList;
			buildConfigurations = (
				70A569EC277F77AB002430C4 /* Debug */,
				70A569ED277F77AB002430C4 /* Release */,
			);
			defaultConfigurationIsVisible = 0;
			defaultConfigurationName = Release;
		};
/* End XCConfigurationList section */
	};
	rootObject = 70A569B3277F77A5002430C4 /* Project object */;
}
